
Microsoft Visual Studio Solution File, Format Version 12.00
# Visual Studio Version 17
VisualStudioVersion = 17.3.32819.101
MinimumVisualStudioVersion = 10.0.40219.1
Project("{FAE04EC0-301F-11D3-BF4B-00C04F79EFBC}") = "HotUkDealsScraperWebsite", "HotUkDealsScraperWebsite\HotUkDealsScraperWebsite.csproj", "{C0443D5A-F9DB-4141-96B0-7AD38B9EB77C}"
EndProject
Global
	GlobalSection(SolutionConfigurationPlatforms) = preSolution
		Debug|Any CPU = Debug|Any CPU
		Release|Any CPU = Release|Any CPU
	EndGlobalSection
	GlobalSection(ProjectConfigurationPlatforms) = postSolution
		{C0443D5A-F9DB-4141-96B0-7AD38B9EB77C}.Debug|Any CPU.ActiveCfg = Debug|Any CPU
		{C0443D5A-F9DB-4141-96B0-7AD38B9EB77C}.Debug|Any CPU.Build.0 = Debug|Any CPU
		{C0443D5A-F9DB-4141-96B0-7AD38B9EB77C}.Release|Any CPU.ActiveCfg = Release|Any CPU
		{C0443D5A-F9DB-4141-96B0-7AD38B9EB77C}.Release|Any CPU.Build.0 = Release|Any CPU
	EndGlobalSection
	GlobalSection(SolutionProperties) = preSolution
		HideSolutionNode = FALSE
	EndGlobalSection
	GlobalSection(ExtensibilityGlobals) = postSolution
		SolutionGuid = {40B0F290-C215-419A-930B-D3FD006B97F1}
	EndGlobalSection
EndGlobal
